
Microsoft Visual Studio Solution File, Format Version 12.00
# Visual Studio Version 17
VisualStudioVersion = 17.5.002.0
MinimumVisualStudioVersion = 10.0.40219.1
Project("{9A19103F-16F7-4668-BE54-9A1E7A4F7556}") = "Lil.TimeTracker", "Lil.TimeTracker\Lil.TimeTracker.csproj", "{73D4C408-6634-46E6-8DB5-78A69E91E373}"
EndProject
Global
	GlobalSection(SolutionConfigurationPlatforms) = preSolution
		Debug|Any CPU = Debug|Any CPU
		Release|Any CPU = Release|Any CPU
	EndGlobalSection
	GlobalSection(ProjectConfigurationPlatforms) = postSolution
		{73D4C408-6634-46E6-8DB5-78A69E91E373}.Debug|Any CPU.ActiveCfg = Debug|Any CPU
		{73D4C408-6634-46E6-8DB5-78A69E91E373}.Debug|Any CPU.Build.0 = Debug|Any CPU
		{73D4C408-6634-46E6-8DB5-78A69E91E373}.Release|Any CPU.ActiveCfg = Release|Any CPU
		{73D4C408-6634-46E6-8DB5-78A69E91E373}.Release|Any CPU.Build.0 = Release|Any CPU
	EndGlobalSection
	GlobalSection(SolutionProperties) = preSolution
		HideSolutionNode = FALSE
	EndGlobalSection
	GlobalSection(ExtensibilityGlobals) = postSolution
		SolutionGuid = {3E2312F2-162A-4700-99AE-8542E8E65BFE}
	EndGlobalSection
EndGlobal
